# THIS IS AN AUTOGENERATED FILE. DO NOT EDIT THIS FILE DIRECTLY.
# yarn lockfile v1


d3@3.5.17:
  version "3.5.17"
  resolved "https://registry.yarnpkg.com/d3/-/d3-3.5.17.tgz#bc46748004378b21a360c9fc7cf5231790762fb8"
  integrity sha1-vEZ0gAQ3iyGjYMn8fPUjF5B2L7g=

dagre-d3-renderer@^0.4.25:
  version "0.4.26"
  resolved "https://registry.yarnpkg.com/dagre-d3-renderer/-/dagre-d3-renderer-0.4.26.tgz#648a491209b853ae96ddf3fea41a1f104479a5a1"
  integrity sha512-vOWj1uA4/APTrfDyfHaH/xpfXhPh9rszW+HOaEwPCeA6Afl06Lobfh7OpESuVMQW2QGuY4UQ7pte/p0WhdDs7w==
  dependencies:
    d3 "3.5.17"
    dagre-layout "^0.8.0"
    graphlib "^2.1.1"
    lodash "^4.17.4"

dagre-layout@^0.8.0:
  version "0.8.8"
  resolved "https://registry.yarnpkg.com/dagre-layout/-/dagre-layout-0.8.8.tgz#9b6792f24229f402441c14162c1049e3f261f6d9"
  integrity sha512-ZNV15T9za7X+fV8Z07IZquUKugCxm5owoiPPxfEx6OJRD331nkiIaF3vSt0JEY5FkrY0KfRQxcpQ3SpXB7pLPQ==
  dependencies:
    graphlibrary "^2.2.0"
    lodash "^4.17.5"

graphlib@^2.1.1:
  version "2.1.7"
  resolved "https://registry.yarnpkg.com/graphlib/-/graphlib-2.1.7.tgz#b6a69f9f44bd9de3963ce6804a2fc9e73d86aecc"
  integrity sha512-TyI9jIy2J4j0qgPmOOrHTCtpPqJGN/aurBwc6ZT+bRii+di1I+Wv3obRhVrmBEXet+qkMaEX67dXrwsd3QQM6w==
  dependencies:
    lodash "^4.17.5"

graphlibrary@^2.2.0:
  version "2.2.0"
  resolved "https://registry.yarnpkg.com/graphlibrary/-/graphlibrary-2.2.0.tgz#017a14899775228dec4497a39babfdd6bf56eac6"
  integrity sha512-XTcvT55L8u4MBZrM37zXoUxsgxs/7sow7YSygd9CIwfWTVO8RVu7AYXhhCiTuFEf+APKgx6Jk4SuQbYR0vYKmQ==
  dependencies:
    lodash "^4.17.5"

he@^1.1.1:
  version "1.2.0"
  resolved "https://registry.yarnpkg.com/he/-/he-1.2.0.tgz#84ae65fa7eafb165fddb61566ae14baf05664f0f"
  integrity sha512-F/1DnUGPopORZi0ni+CvrCgHQ5FyEAHRLSApuYWMmrbSwoN2Mn/7k+Gl38gJnR7yyDZk6WLXwiGod1JOWNDKGw==

lodash@^4.17.4, lodash@^4.17.5:
  version "4.17.15"
  resolved "https://registry.yarnpkg.com/lodash/-/lodash-4.17.15.tgz#b447f6670a0455bbfeedd11392eff330ea097548"
  integrity sha512-8xOcRHvCjnocdS5cpwXQXVzmmh5e5+saE2QGoeQmbKmRS6J3VQppPOIt0MnmE+4xlZoumy0GPG0D0MVIQbNA1A==

markdown-it-checkbox@^1.1.0:
  version "1.1.0"
  resolved "https://registry.yarnpkg.com/markdown-it-checkbox/-/markdown-it-checkbox-1.1.0.tgz#20cff97f33d77d172f9dcf1bcfc92cecc5330fac"
  integrity sha1-IM/5fzPXfRcvnc8bz8ks7MUzD6w=
  dependencies:
    underscore "^1.8.2"

markdown-it-footnote@^3.0.2:
  version "3.0.2"
  resolved "https://registry.yarnpkg.com/markdown-it-footnote/-/markdown-it-footnote-3.0.2.tgz#1575ee7a093648d4e096aa33386b058d92ac8bc1"
  integrity sha512-JVW6fCmZWjvMdDQSbOT3nnOQtd9iAXmw7hTSh26+v42BnvXeVyGMDBm5b/EZocMed2MbCAHiTX632vY0FyGB8A==

markdown-it-mermaid@^0.2.5:
  version "0.2.5"
  resolved "https://registry.yarnpkg.com/markdown-it-mermaid/-/markdown-it-mermaid-0.2.5.tgz#aa6e488a5f4ab2006b4a63e22f315683495c1877"
  integrity sha512-ZUTFRX+cXEtWmn/9LMlpVklPJiDrHPWyHE/wamC2wm0Ojh1qOcuKWfWW3BqP83+7w6C59rS7M3OrGTs/u9mQTA==
  dependencies:
    mermaid "^7.1.2"

markdown-it-plantuml@^1.4.1:
  version "1.4.1"
  resolved "https://registry.yarnpkg.com/markdown-it-plantuml/-/markdown-it-plantuml-1.4.1.tgz#3bd5e7d92eaa5c6c68eb29802f7b46a8e05ca998"
  integrity sha512-13KgnZaGYTHBp4iUmGofzZSBz+Zj6cyqfR0SXUIc9wgWTto5Xhn7NjaXYxY0z7uBeTUMlc9LMQq5uP4OM5xCHg==

markdown-it-table-of-contents@^0.4.4:
  version "0.4.4"
  resolved "https://registry.yarnpkg.com/markdown-it-table-of-contents/-/markdown-it-table-of-contents-0.4.4.tgz#3dc7ce8b8fc17e5981c77cc398d1782319f37fbc"
  integrity sha512-TAIHTHPwa9+ltKvKPWulm/beozQU41Ab+FIefRaQV1NRnpzwcV9QOe6wXQS5WLivm5Q/nlo0rl6laGkMDZE7Gw==

mermaid@^7.1.2:
  version "7.1.2"
  resolved "https://registry.yarnpkg.com/mermaid/-/mermaid-7.1.2.tgz#6265728156c2e0891e004cba60a44022174487ad"
  integrity sha512-bDLu3fQuf3/R0fNkNzB0GTaF7+6SxnZpfTs9DVQF1ougsuP23MBzvEIGfL0ML8zeyg7+J2D+0AaoLVhskW5ulw==
  dependencies:
    d3 "3.5.17"
    dagre-d3-renderer "^0.4.25"
    dagre-layout "^0.8.0"
    he "^1.1.1"
    lodash "^4.17.4"
    moment "^2.20.1"

moment@^2.20.1:
  version "2.24.0"
  resolved "https://registry.yarnpkg.com/moment/-/moment-2.24.0.tgz#0d055d53f5052aa653c9f6eb68bb5d12bf5c2b5b"
  integrity sha512-bV7f+6l2QigeBBZSM/6yTNq4P2fNpSWj/0e7jQcy87A8e7o2nAfP/34/2ky5Vw4B9S446EtIhodAzkFCcR4dQg==

underscore@^1.8.2:
  version "1.9.1"
  resolved "https://registry.yarnpkg.com/underscore/-/underscore-1.9.1.tgz#06dce34a0e68a7babc29b365b8e74b8925203961"
  integrity sha512-5/4etnCkd9c8gwgowi5/om/mYO5ajCaOgdzj/oW+0eQV9WxKBDZw5+ycmKmeaTXjInS/W0BzpGLo2xR2aBwZdg==
